
Microsoft Visual Studio Solution File, Format Version 12.00
# Visual Studio Version 17
VisualStudioVersion = 17.14.36616.10 d17.14
MinimumVisualStudioVersion = 10.0.40219.1
Project("{FAE04EC0-301F-11D3-BF4B-00C04F79EFBC}") = "TaskApi", "TaskApi.csproj", "{1AD5881B-C271-4BD4-9F34-32BC79F02755}"
EndProject
Global
	GlobalSection(SolutionConfigurationPlatforms) = preSolution
		Debug|Any CPU = Debug|Any CPU
		Release|Any CPU = Release|Any CPU
	EndGlobalSection
	GlobalSection(ProjectConfigurationPlatforms) = postSolution
		{1AD5881B-C271-4BD4-9F34-32BC79F02755}.Debug|Any CPU.ActiveCfg = Debug|Any CPU
		{1AD5881B-C271-4BD4-9F34-32BC79F02755}.Debug|Any CPU.Build.0 = Debug|Any CPU
		{1AD5881B-C271-4BD4-9F34-32BC79F02755}.Release|Any CPU.ActiveCfg = Release|Any CPU
		{1AD5881B-C271-4BD4-9F34-32BC79F02755}.Release|Any CPU.Build.0 = Release|Any CPU
	EndGlobalSection
	GlobalSection(SolutionProperties) = preSolution
		HideSolutionNode = FALSE
	EndGlobalSection
	GlobalSection(ExtensibilityGlobals) = postSolution
		SolutionGuid = {2ED665A1-F9F4-4E09-90FE-D71C45BD1043}
	EndGlobalSection
EndGlobal
